<?xml version="1.0" encoding="utf-8"?>
<Project ToolsVersion="4.0" xmlns="http://schemas.microsoft.com/developer/msbuild/2003">
  <ItemGroup>
    <Filter Include="Source Files">
      <UniqueIdentifier>{4FC737F1-C7A5-4376-A066-2A32D752A2FF}</UniqueIdentifier>
      <Extensions>cpp;c;cc;cxx;def;odl;idl;hpj;bat;asm;asmx</Extensions>
    </Filter>
    <Filter Include="Header Files">
      <UniqueIdentifier>{93995380-89BD-4b04-88EB-625FBE52EBFB}</UniqueIdentifier>
      <Extensions>h;hpp;hxx;hm;inl;inc;xsd</Extensions>
    </Filter>
    <Filter Include="Resource Files">
      <UniqueIdentifier>{67DA6AB6-F800-4c08-8B7A-83BB121AAD01}</UniqueIdentifier>
      <Extensions>rc;ico;cur;bmp;dlg;rc2;rct;bin;rgs;gif;jpg;jpeg;jpe;resx;tiff;tif;png;wav</Extensions>
    </Filter>
    <Filter Include="Common">
      <UniqueIdentifier>{1d78e607-18af-4db8-aba0-95774115ddd6}</UniqueIdentifier>
    </Filter>
  </ItemGroup>
  <ItemGroup>
    <ClCompile Include="117_matrix.cpp">
      <Filter>Source Files</Filter>
    </ClCompile>
    <ClCompile Include="font.cpp">
      <Filter>Source Files</Filter>
    </ClCompile>
    <ClCompile Include="main.cpp">
      <Filter>Source Files</Filter>
    </ClCompile>
    <ClCompile Include="my_3d.cpp">
      <Filter>Source Files</Filter>
    </ClCompile>
    <ClCompile Include="my_ddraw.cpp">
      <Filter>Source Files</Filter>
    </ClCompile>
    <ClCompile Include="mysoft.cpp">
      <Filter>Source Files</Filter>
    </ClCompile>
    <ClCompile Include="pic.cpp">
      <Filter>Source Files</Filter>
    </ClCompile>
    <ClCompile Include="triangle.cpp">
      <Filter>Source Files</Filter>
    </ClCompile>
    <ClCompile Include="win32.cpp">
      <Filter>Source Files</Filter>
    </ClCompile>
    <ClCompile Include="..\Common\bitmap.cpp">
      <Filter>Common</Filter>
    </ClCompile>
    <ClCompile Include="..\Common\brez.cpp">
      <Filter>Common</Filter>
    </ClCompile>
    <ClCompile Include="..\Common\my_mem.cpp">
      <Filter>Common</Filter>
    </ClCompile>
    <ClCompile Include="..\Common\targa.cpp">
      <Filter>Common</Filter>
    </ClCompile>
  </ItemGroup>
  <ItemGroup>
    <ClInclude Include="117_matrix.h">
      <Filter>Header Files</Filter>
    </ClInclude>
    <ClInclude Include="font.h">
      <Filter>Header Files</Filter>
    </ClInclude>
    <ClInclude Include="main.h">
      <Filter>Header Files</Filter>
    </ClInclude>
    <ClInclude Include="my_3d.h">
      <Filter>Header Files</Filter>
    </ClInclude>
    <ClInclude Include="my_ddraw.h">
      <Filter>Header Files</Filter>
    </ClInclude>
    <ClInclude Include="mysoft.h">
      <Filter>Header Files</Filter>
    </ClInclude>
    <ClInclude Include="pic.h">
      <Filter>Header Files</Filter>
    </ClInclude>
    <ClInclude Include="Vector.h">
      <Filter>Header Files</Filter>
    </ClInclude>
    <ClInclude Include="..\Common\bitmap.h">
      <Filter>Common</Filter>
    </ClInclude>
    <ClInclude Include="..\Common\brez.h">
      <Filter>Common</Filter>
    </ClInclude>
    <ClInclude Include="..\Common\lowdefs.h">
      <Filter>Common</Filter>
    </ClInclude>
    <ClInclude Include="..\Common\middefs.h">
      <Filter>Common</Filter>
    </ClInclude>
    <ClInclude Include="..\Common\my_mem.h">
      <Filter>Common</Filter>
    </ClInclude>
    <ClInclude Include="..\Common\renderer.h">
      <Filter>Common</Filter>
    </ClInclude>
    <ClInclude Include="..\Common\windefs.h">
      <Filter>Common</Filter>
    </ClInclude>
  </ItemGroup>
</Project>