<?xml version="1.0" encoding="utf-8"?>
<Project ToolsVersion="4.0" xmlns="http://schemas.microsoft.com/developer/msbuild/2003">
  <ItemGroup>
    <Filter Include="Source Files">
      <UniqueIdentifier>{4FC737F1-C7A5-4376-A066-2A32D752A2FF}</UniqueIdentifier>
      <Extensions>cpp;c;cxx;def;odl;idl;hpj;bat;asm;asmx</Extensions>
    </Filter>
    <Filter Include="Header Files">
      <UniqueIdentifier>{93995380-89BD-4b04-88EB-625FBE52EBFB}</UniqueIdentifier>
      <Extensions>h;hpp;hxx;hm;inl;inc;xsd</Extensions>
    </Filter>
    <Filter Include="Common">
      <UniqueIdentifier>{dfd68052-563a-4779-bfa0-2c11d91f5419}</UniqueIdentifier>
    </Filter>
    <Filter Include="Common\cpp">
      <UniqueIdentifier>{10dcb0d3-7173-4ab7-8930-b29f321206f7}</UniqueIdentifier>
    </Filter>
    <Filter Include="Common\h">
      <UniqueIdentifier>{f02e87ca-d65f-4ca1-a4d9-4a3c78748924}</UniqueIdentifier>
    </Filter>
  </ItemGroup>
  <ItemGroup>
    <ClCompile Include="ctrl.cpp">
      <Filter>Source Files</Filter>
    </ClCompile>
    <ClCompile Include="ctrl_rubik.cpp">
      <Filter>Source Files</Filter>
    </ClCompile>
    <ClCompile Include="main.cpp">
      <Filter>Source Files</Filter>
    </ClCompile>
    <ClCompile Include="my_wnd.cpp">
      <Filter>Source Files</Filter>
    </ClCompile>
    <ClCompile Include="rubik.cpp">
      <Filter>Source Files</Filter>
    </ClCompile>
    <ClCompile Include="solve.cpp">
      <Filter>Source Files</Filter>
    </ClCompile>
    <ClCompile Include="win32.cpp">
      <Filter>Source Files</Filter>
    </ClCompile>
    <ClCompile Include="..\Common\my_mem.cpp">
      <Filter>Common\cpp</Filter>
    </ClCompile>
  </ItemGroup>
  <ItemGroup>
    <ClInclude Include="ctrl.h">
      <Filter>Header Files</Filter>
    </ClInclude>
    <ClInclude Include="ctrl_rubik.h">
      <Filter>Header Files</Filter>
    </ClInclude>
    <ClInclude Include="keys.h">
      <Filter>Header Files</Filter>
    </ClInclude>
    <ClInclude Include="main.h">
      <Filter>Header Files</Filter>
    </ClInclude>
    <ClInclude Include="my_wnd.h">
      <Filter>Header Files</Filter>
    </ClInclude>
    <ClInclude Include="Resource.h">
      <Filter>Header Files</Filter>
    </ClInclude>
    <ClInclude Include="rubik.h">
      <Filter>Header Files</Filter>
    </ClInclude>
    <ClInclude Include="stdafx.h">
      <Filter>Header Files</Filter>
    </ClInclude>
    <ClInclude Include="Vector.h">
      <Filter>Header Files</Filter>
    </ClInclude>
    <ClInclude Include="..\Common\lowdefs.h">
      <Filter>Common\h</Filter>
    </ClInclude>
    <ClInclude Include="..\Common\middefs.h">
      <Filter>Common\h</Filter>
    </ClInclude>
    <ClInclude Include="..\Common\my_mem.h">
      <Filter>Common\h</Filter>
    </ClInclude>
    <ClInclude Include="..\Common\renderer.h">
      <Filter>Common\h</Filter>
    </ClInclude>
    <ClInclude Include="..\Common\windefs.h">
      <Filter>Common\h</Filter>
    </ClInclude>
  </ItemGroup>
</Project>